
Microsoft Visual Studio Solution File, Format Version 12.00
# Visual Studio Version 16
VisualStudioVersion = 16.0.30114.105
MinimumVisualStudioVersion = 10.0.40219.1
Project("{9A19103F-16F7-4668-BE54-9A1E7A4F7556}") = "ProPlanter", "ProPlanter.csproj", "{943D8FDF-92F1-48EB-AEDB-CDE199C6B05A}"
EndProject
Global
	GlobalSection(SolutionConfigurationPlatforms) = preSolution
		Debug|Any CPU = Debug|Any CPU
		Release|Any CPU = Release|Any CPU
	EndGlobalSection
	GlobalSection(ProjectConfigurationPlatforms) = postSolution
		{943D8FDF-92F1-48EB-AEDB-CDE199C6B05A}.Debug|Any CPU.ActiveCfg = Debug|Any CPU
		{943D8FDF-92F1-48EB-AEDB-CDE199C6B05A}.Debug|Any CPU.Build.0 = Debug|Any CPU
		{943D8FDF-92F1-48EB-AEDB-CDE199C6B05A}.Release|Any CPU.ActiveCfg = Release|Any CPU
		{943D8FDF-92F1-48EB-AEDB-CDE199C6B05A}.Release|Any CPU.Build.0 = Release|Any CPU
	EndGlobalSection
	GlobalSection(SolutionProperties) = preSolution
		HideSolutionNode = FALSE
	EndGlobalSection
	GlobalSection(ExtensibilityGlobals) = postSolution
		SolutionGuid = {F158A580-890B-403F-B767-8909F82E2A7D}
	EndGlobalSection
EndGlobal
